
Microsoft Visual Studio Solution File, Format Version 12.00
# Visual Studio Version 16
VisualStudioVersion = 16.0.31005.135
MinimumVisualStudioVersion = 10.0.40219.1
Project("{9A19103F-16F7-4668-BE54-9A1E7A4F7556}") = "DataAccess", "DataAccess\DataAccess.csproj", "{BDF21D38-1F4F-4781-8AE6-12B45D5A9A66}"
EndProject
Project("{9A19103F-16F7-4668-BE54-9A1E7A4F7556}") = "Business", "Business\Business.csproj", "{022028C9-45AB-4B4B-813A-2D09540419EF}"
EndProject
Project("{9A19103F-16F7-4668-BE54-9A1E7A4F7556}") = "Entities", "Entities\Entities.csproj", "{3F229FE7-DA8D-496D-B6C7-BA65FC1A1D1F}"
EndProject
Project("{9A19103F-16F7-4668-BE54-9A1E7A4F7556}") = "ConsoleApp1", "ConsoleApp1\ConsoleApp1.csproj", "{A29D2366-E7DE-485A-93AE-24441E27D4D1}"
EndProject
Project("{FAE04EC0-301F-11D3-BF4B-00C04F79EFBC}") = "Core", "Core\Core.csproj", "{58827497-ED0B-4E6A-ADBB-EEB48DA1B709}"
EndProject
Global
	GlobalSection(SolutionConfigurationPlatforms) = preSolution
		Debug|Any CPU = Debug|Any CPU
		Release|Any CPU = Release|Any CPU
	EndGlobalSection
	GlobalSection(ProjectConfigurationPlatforms) = postSolution
		{BDF21D38-1F4F-4781-8AE6-12B45D5A9A66}.Debug|Any CPU.ActiveCfg = Debug|Any CPU
		{BDF21D38-1F4F-4781-8AE6-12B45D5A9A66}.Debug|Any CPU.Build.0 = Debug|Any CPU
		{BDF21D38-1F4F-4781-8AE6-12B45D5A9A66}.Release|Any CPU.ActiveCfg = Release|Any CPU
		{BDF21D38-1F4F-4781-8AE6-12B45D5A9A66}.Release|Any CPU.Build.0 = Release|Any CPU
		{022028C9-45AB-4B4B-813A-2D09540419EF}.Debug|Any CPU.ActiveCfg = Debug|Any CPU
		{022028C9-45AB-4B4B-813A-2D09540419EF}.Debug|Any CPU.Build.0 = Debug|Any CPU
		{022028C9-45AB-4B4B-813A-2D09540419EF}.Release|Any CPU.ActiveCfg = Release|Any CPU
		{022028C9-45AB-4B4B-813A-2D09540419EF}.Release|Any CPU.Build.0 = Release|Any CPU
		{3F229FE7-DA8D-496D-B6C7-BA65FC1A1D1F}.Debug|Any CPU.ActiveCfg = Debug|Any CPU
		{3F229FE7-DA8D-496D-B6C7-BA65FC1A1D1F}.Debug|Any CPU.Build.0 = Debug|Any CPU
		{3F229FE7-DA8D-496D-B6C7-BA65FC1A1D1F}.Release|Any CPU.ActiveCfg = Release|Any CPU
		{3F229FE7-DA8D-496D-B6C7-BA65FC1A1D1F}.Release|Any CPU.Build.0 = Release|Any CPU
		{A29D2366-E7DE-485A-93AE-24441E27D4D1}.Debug|Any CPU.ActiveCfg = Debug|Any CPU
		{A29D2366-E7DE-485A-93AE-24441E27D4D1}.Debug|Any CPU.Build.0 = Debug|Any CPU
		{A29D2366-E7DE-485A-93AE-24441E27D4D1}.Release|Any CPU.ActiveCfg = Release|Any CPU
		{A29D2366-E7DE-485A-93AE-24441E27D4D1}.Release|Any CPU.Build.0 = Release|Any CPU
		{58827497-ED0B-4E6A-ADBB-EEB48DA1B709}.Debug|Any CPU.ActiveCfg = Debug|Any CPU
		{58827497-ED0B-4E6A-ADBB-EEB48DA1B709}.Debug|Any CPU.Build.0 = Debug|Any CPU
		{58827497-ED0B-4E6A-ADBB-EEB48DA1B709}.Release|Any CPU.ActiveCfg = Release|Any CPU
		{58827497-ED0B-4E6A-ADBB-EEB48DA1B709}.Release|Any CPU.Build.0 = Release|Any CPU
	EndGlobalSection
	GlobalSection(SolutionProperties) = preSolution
		HideSolutionNode = FALSE
	EndGlobalSection
	GlobalSection(ExtensibilityGlobals) = postSolution
		SolutionGuid = {64610F70-3599-4E9C-B20C-6D0DC3E19858}
	EndGlobalSection
EndGlobal
